
Microsoft Visual Studio Solution File, Format Version 12.00
# Visual Studio 14
VisualStudioVersion = 14.0.22823.1
MinimumVisualStudioVersion = 10.0.40219.1
Project("{FAE04EC0-301F-11D3-BF4B-00C04F79EFBC}") = "Web2", "Web2\Web2.csproj", "{0A75FC92-1A51-4603-9FCD-3DAAC21899EA}"
EndProject
Project("{FAE04EC0-301F-11D3-BF4B-00C04F79EFBC}") = "HostWeb", "HostWeb\HostWeb.csproj", "{383EF1C4-8308-4C63-B95B-5B859E79F2E1}"
EndProject
Global
	GlobalSection(SolutionConfigurationPlatforms) = preSolution
		Debug|Any CPU = Debug|Any CPU
		Release|Any CPU = Release|Any CPU
	EndGlobalSection
	GlobalSection(ProjectConfigurationPlatforms) = postSolution
		{0A75FC92-1A51-4603-9FCD-3DAAC21899EA}.Debug|Any CPU.ActiveCfg = Debug|Any CPU
		{0A75FC92-1A51-4603-9FCD-3DAAC21899EA}.Debug|Any CPU.Build.0 = Debug|Any CPU
		{0A75FC92-1A51-4603-9FCD-3DAAC21899EA}.Release|Any CPU.ActiveCfg = Release|Any CPU
		{0A75FC92-1A51-4603-9FCD-3DAAC21899EA}.Release|Any CPU.Build.0 = Release|Any CPU
		{383EF1C4-8308-4C63-B95B-5B859E79F2E1}.Debug|Any CPU.ActiveCfg = Debug|Any CPU
		{383EF1C4-8308-4C63-B95B-5B859E79F2E1}.Debug|Any CPU.Build.0 = Debug|Any CPU
		{383EF1C4-8308-4C63-B95B-5B859E79F2E1}.Release|Any CPU.ActiveCfg = Release|Any CPU
		{383EF1C4-8308-4C63-B95B-5B859E79F2E1}.Release|Any CPU.Build.0 = Release|Any CPU
	EndGlobalSection
	GlobalSection(SolutionProperties) = preSolution
		HideSolutionNode = FALSE
	EndGlobalSection
EndGlobal
